
Microsoft Visual Studio Solution File, Format Version 12.00
# Visual Studio Version 17
VisualStudioVersion = 17.3.32901.215
MinimumVisualStudioVersion = 10.0.40219.1
Project("{FAE04EC0-301F-11D3-BF4B-00C04F79EFBC}") = "DnD_ConsoleGame", "DnD_ConsoleGame\DnD_ConsoleGame.csproj", "{9FE8DB6B-DF81-48B1-88C2-E6132C9F31CA}"
EndProject
Global
	GlobalSection(SolutionConfigurationPlatforms) = preSolution
		Debug|Any CPU = Debug|Any CPU
		Release|Any CPU = Release|Any CPU
	EndGlobalSection
	GlobalSection(ProjectConfigurationPlatforms) = postSolution
		{9FE8DB6B-DF81-48B1-88C2-E6132C9F31CA}.Debug|Any CPU.ActiveCfg = Debug|Any CPU
		{9FE8DB6B-DF81-48B1-88C2-E6132C9F31CA}.Debug|Any CPU.Build.0 = Debug|Any CPU
		{9FE8DB6B-DF81-48B1-88C2-E6132C9F31CA}.Release|Any CPU.ActiveCfg = Release|Any CPU
		{9FE8DB6B-DF81-48B1-88C2-E6132C9F31CA}.Release|Any CPU.Build.0 = Release|Any CPU
	EndGlobalSection
	GlobalSection(SolutionProperties) = preSolution
		HideSolutionNode = FALSE
	EndGlobalSection
	GlobalSection(ExtensibilityGlobals) = postSolution
		SolutionGuid = {5DDA78ED-4888-492F-B899-C1F23C4CEBA5}
	EndGlobalSection
EndGlobal
